// !$*UTF8*$!
{
	archiveVersion = 1;
	classes = {
	};
	objectVersion = 55;
	objects = {

/* Begin PBXFileReference section */
		C082239B282D3308005F530D /* Main.h */ = {isa = PBXFileReference; lastKnownFileType = sourcecode.c.h; path = Main.h; sourceTree = "<group>"; };
		C082239C282D3308005F530D /* Main.c */ = {isa = PBXFileReference; lastKnownFileType = sourcecode.c.c; path = Main.c; sourceTree = "<group>"; };
/* End PBXFileReference section */

/* Begin PBXGroup section */
		C0822394282D32CA005F530D = {
			isa = PBXGroup;
			children = (
				C082239B282D3308005F530D /* Main.h */,
				C082239C282D3308005F530D /* Main.c */,
			);
			sourceTree = "<group>";
		};
/* End PBXGroup section */

/* Begin PBXProject section */
		C0822395282D32CA005F530D /* Project object */ = {
			isa = PBXProject;
			attributes = {
				BuildIndependentTargetsInParallel = 1;
				LastUpgradeCheck = 1330;
			};
			buildConfigurationList = C0822398282D32CA005F530D /* Build configuration list for PBXProject "Simulatore_ProntoSoccorso" */;
			compatibilityVersion = "Xcode 13.0";
			developmentRegion = en;
			hasScannedForEncodings = 0;
			knownRegions = (
				en,
				Base,
			);
			mainGroup = C0822394282D32CA005F530D;
			projectDirPath = "";
			projectRoot = "";
			targets = (
			);
		};
/* End PBXProject section */

/* Begin XCBuildConfiguration section */
		C0822399282D32CA005F530D /* Debug */ = {
			isa = XCBuildConfiguration;
			buildSettings = {
			};
			name = Debug;
		};
		C082239A282D32CA005F530D /* Release */ = {
			isa = XCBuildConfiguration;
			buildSettings = {
			};
			name = Release;
		};
/* End XCBuildConfiguration section */

/* Begin XCConfigurationList section */
		C0822398282D32CA005F530D /* Build configuration list for PBXProject "Simulatore_ProntoSoccorso" */ = {
			isa = XCConfigurationList;
			buildConfigurations = (
				C0822399282D32CA005F530D /* Debug */,
				C082239A282D32CA005F530D /* Release */,
			);
			defaultConfigurationIsVisible = 0;
			defaultConfigurationName = Release;
		};
/* End XCConfigurationList section */
	};
	rootObject = C0822395282D32CA005F530D /* Project object */;
}
